
Microsoft Visual Studio Solution File, Format Version 12.00
# Visual Studio Version 17
VisualStudioVersion = 17.2.32616.157
MinimumVisualStudioVersion = 10.0.40219.1
Project("{FAE04EC0-301F-11D3-BF4B-00C04F79EFBC}") = "geoSport.Android", "geoSport\geoSport.Android\geoSport.Android.csproj", "{48E43817-C117-41C6-9F23-D39A39669318}"
EndProject
Project("{FAE04EC0-301F-11D3-BF4B-00C04F79EFBC}") = "geoSport.iOS", "geoSport\geoSport.iOS\geoSport.iOS.csproj", "{EDE70C2D-9446-4E3E-892C-15AE83821968}"
EndProject
Project("{FAE04EC0-301F-11D3-BF4B-00C04F79EFBC}") = "geoSport", "geoSport\geoSport\geoSport.csproj", "{EDB8C089-78CD-4AF5-B8F0-6580B8E126C0}"
EndProject
Global
	GlobalSection(SolutionConfigurationPlatforms) = preSolution
		Debug|Any CPU = Debug|Any CPU
		Debug|iPhone = Debug|iPhone
		Debug|iPhoneSimulator = Debug|iPhoneSimulator
		Release|Any CPU = Release|Any CPU
		Release|iPhone = Release|iPhone
		Release|iPhoneSimulator = Release|iPhoneSimulator
	EndGlobalSection
	GlobalSection(ProjectConfigurationPlatforms) = postSolution
		{48E43817-C117-41C6-9F23-D39A39669318}.Debug|Any CPU.ActiveCfg = Debug|Any CPU
		{48E43817-C117-41C6-9F23-D39A39669318}.Debug|Any CPU.Build.0 = Debug|Any CPU
		{48E43817-C117-41C6-9F23-D39A39669318}.Debug|Any CPU.Deploy.0 = Debug|Any CPU
		{48E43817-C117-41C6-9F23-D39A39669318}.Debug|iPhone.ActiveCfg = Debug|Any CPU
		{48E43817-C117-41C6-9F23-D39A39669318}.Debug|iPhone.Build.0 = Debug|Any CPU
		{48E43817-C117-41C6-9F23-D39A39669318}.Debug|iPhone.Deploy.0 = Debug|Any CPU
		{48E43817-C117-41C6-9F23-D39A39669318}.Debug|iPhoneSimulator.ActiveCfg = Debug|Any CPU
		{48E43817-C117-41C6-9F23-D39A39669318}.Debug|iPhoneSimulator.Build.0 = Debug|Any CPU
		{48E43817-C117-41C6-9F23-D39A39669318}.Debug|iPhoneSimulator.Deploy.0 = Debug|Any CPU
		{48E43817-C117-41C6-9F23-D39A39669318}.Release|Any CPU.ActiveCfg = Release|Any CPU
		{48E43817-C117-41C6-9F23-D39A39669318}.Release|Any CPU.Build.0 = Release|Any CPU
		{48E43817-C117-41C6-9F23-D39A39669318}.Release|Any CPU.Deploy.0 = Release|Any CPU
		{48E43817-C117-41C6-9F23-D39A39669318}.Release|iPhone.ActiveCfg = Release|Any CPU
		{48E43817-C117-41C6-9F23-D39A39669318}.Release|iPhone.Build.0 = Release|Any CPU
		{48E43817-C117-41C6-9F23-D39A39669318}.Release|iPhone.Deploy.0 = Release|Any CPU
		{48E43817-C117-41C6-9F23-D39A39669318}.Release|iPhoneSimulator.ActiveCfg = Release|Any CPU
		{48E43817-C117-41C6-9F23-D39A39669318}.Release|iPhoneSimulator.Build.0 = Release|Any CPU
		{48E43817-C117-41C6-9F23-D39A39669318}.Release|iPhoneSimulator.Deploy.0 = Release|Any CPU
		{EDE70C2D-9446-4E3E-892C-15AE83821968}.Debug|Any CPU.ActiveCfg = Debug|iPhone
		{EDE70C2D-9446-4E3E-892C-15AE83821968}.Debug|Any CPU.Build.0 = Debug|iPhone
		{EDE70C2D-9446-4E3E-892C-15AE83821968}.Debug|Any CPU.Deploy.0 = Debug|iPhone
		{EDE70C2D-9446-4E3E-892C-15AE83821968}.Debug|iPhone.ActiveCfg = Debug|iPhone
		{EDE70C2D-9446-4E3E-892C-15AE83821968}.Debug|iPhone.Build.0 = Debug|iPhone
		{EDE70C2D-9446-4E3E-892C-15AE83821968}.Debug|iPhone.Deploy.0 = Debug|iPhone
		{EDE70C2D-9446-4E3E-892C-15AE83821968}.Debug|iPhoneSimulator.ActiveCfg = Debug|iPhoneSimulator
		{EDE70C2D-9446-4E3E-892C-15AE83821968}.Debug|iPhoneSimulator.Build.0 = Debug|iPhoneSimulator
		{EDE70C2D-9446-4E3E-892C-15AE83821968}.Debug|iPhoneSimulator.Deploy.0 = Debug|iPhoneSimulator
		{EDE70C2D-9446-4E3E-892C-15AE83821968}.Release|Any CPU.ActiveCfg = Release|iPhoneSimulator
		{EDE70C2D-9446-4E3E-892C-15AE83821968}.Release|Any CPU.Build.0 = Release|iPhoneSimulator
		{EDE70C2D-9446-4E3E-892C-15AE83821968}.Release|Any CPU.Deploy.0 = Release|iPhoneSimulator
		{EDE70C2D-9446-4E3E-892C-15AE83821968}.Release|iPhone.ActiveCfg = Release|iPhone
		{EDE70C2D-9446-4E3E-892C-15AE83821968}.Release|iPhone.Build.0 = Release|iPhone
		{EDE70C2D-9446-4E3E-892C-15AE83821968}.Release|iPhone.Deploy.0 = Release|iPhone
		{EDE70C2D-9446-4E3E-892C-15AE83821968}.Release|iPhoneSimulator.ActiveCfg = Release|iPhoneSimulator
		{EDE70C2D-9446-4E3E-892C-15AE83821968}.Release|iPhoneSimulator.Build.0 = Release|iPhoneSimulator
		{EDE70C2D-9446-4E3E-892C-15AE83821968}.Release|iPhoneSimulator.Deploy.0 = Release|iPhoneSimulator
		{EDB8C089-78CD-4AF5-B8F0-6580B8E126C0}.Debug|Any CPU.ActiveCfg = Debug|Any CPU
		{EDB8C089-78CD-4AF5-B8F0-6580B8E126C0}.Debug|Any CPU.Build.0 = Debug|Any CPU
		{EDB8C089-78CD-4AF5-B8F0-6580B8E126C0}.Debug|Any CPU.Deploy.0 = Debug|Any CPU
		{EDB8C089-78CD-4AF5-B8F0-6580B8E126C0}.Debug|iPhone.ActiveCfg = Debug|Any CPU
		{EDB8C089-78CD-4AF5-B8F0-6580B8E126C0}.Debug|iPhone.Build.0 = Debug|Any CPU
		{EDB8C089-78CD-4AF5-B8F0-6580B8E126C0}.Debug|iPhone.Deploy.0 = Debug|Any CPU
		{EDB8C089-78CD-4AF5-B8F0-6580B8E126C0}.Debug|iPhoneSimulator.ActiveCfg = Debug|Any CPU
		{EDB8C089-78CD-4AF5-B8F0-6580B8E126C0}.Debug|iPhoneSimulator.Build.0 = Debug|Any CPU
		{EDB8C089-78CD-4AF5-B8F0-6580B8E126C0}.Debug|iPhoneSimulator.Deploy.0 = Debug|Any CPU
		{EDB8C089-78CD-4AF5-B8F0-6580B8E126C0}.Release|Any CPU.ActiveCfg = Release|Any CPU
		{EDB8C089-78CD-4AF5-B8F0-6580B8E126C0}.Release|Any CPU.Build.0 = Release|Any CPU
		{EDB8C089-78CD-4AF5-B8F0-6580B8E126C0}.Release|Any CPU.Deploy.0 = Release|Any CPU
		{EDB8C089-78CD-4AF5-B8F0-6580B8E126C0}.Release|iPhone.ActiveCfg = Release|Any CPU
		{EDB8C089-78CD-4AF5-B8F0-6580B8E126C0}.Release|iPhone.Build.0 = Release|Any CPU
		{EDB8C089-78CD-4AF5-B8F0-6580B8E126C0}.Release|iPhone.Deploy.0 = Release|Any CPU
		{EDB8C089-78CD-4AF5-B8F0-6580B8E126C0}.Release|iPhoneSimulator.ActiveCfg = Release|Any CPU
		{EDB8C089-78CD-4AF5-B8F0-6580B8E126C0}.Release|iPhoneSimulator.Build.0 = Release|Any CPU
		{EDB8C089-78CD-4AF5-B8F0-6580B8E126C0}.Release|iPhoneSimulator.Deploy.0 = Release|Any CPU
	EndGlobalSection
	GlobalSection(SolutionProperties) = preSolution
		HideSolutionNode = FALSE
	EndGlobalSection
	GlobalSection(ExtensibilityGlobals) = postSolution
		SolutionGuid = {9F5FB556-5A0D-4369-9F20-95CC7BE48CF5}
	EndGlobalSection
EndGlobal
